
Microsoft Visual Studio Solution File, Format Version 12.00
# Visual Studio Version 17
VisualStudioVersion = 17.0.31912.275
MinimumVisualStudioVersion = 10.0.40219.1
Project("{8BC9CEB8-8B4A-11D0-8D11-00A0C91BC942}") = "HelloSocket", "HelloSocket\HelloSocket.vcxproj", "{4A5284C8-A29E-4033-8F7D-19FDB99DFC0D}"
EndProject
Project("{8BC9CEB8-8B4A-11D0-8D11-00A0C91BC942}") = "EasyTcpServer", "EasyTcpServer\EasyTcpServer.vcxproj", "{2CA26FCF-180F-484E-9459-1E1ACFE36659}"
EndProject
Project("{8BC9CEB8-8B4A-11D0-8D11-00A0C91BC942}") = "EasyTcpClient", "EasyTcpClient\EasyTcpClient.vcxproj", "{7128C97B-5F5B-4CA1-A1AC-A7AAF23682CE}"
EndProject
Project("{8BC9CEB8-8B4A-11D0-8D11-00A0C91BC942}") = "EasyTcpServer1.2", "EasyTcpServer1.2\EasyTcpServer1.2.vcxproj", "{A4465757-E22C-419C-8334-2617A0ECAD26}"
EndProject
Project("{8BC9CEB8-8B4A-11D0-8D11-00A0C91BC942}") = "EasyTcpClient1.2", "EasyTcpClient1.2\EasyTcpClient1.2.vcxproj", "{70EAB34F-ACAD-42A7-8BF5-E111BB38B839}"
EndProject
Project("{8BC9CEB8-8B4A-11D0-8D11-00A0C91BC942}") = "EasyTcpServer1.3", "EasyTcpServer1.3\EasyTcpServer1.3.vcxproj", "{62CB499E-CC3A-47C8-BC84-8359C46671FB}"
EndProject
Project("{8BC9CEB8-8B4A-11D0-8D11-00A0C91BC942}") = "EasyTcpClient1.3", "EasyTcpClient1.3\EasyTcpClient1.3.vcxproj", "{6198D059-7BE3-4CD9-BD3D-8782AB6C96BE}"
EndProject
Project("{8BC9CEB8-8B4A-11D0-8D11-00A0C91BC942}") = "EasyTcpClient1.4", "EasyTcpClient1.4\EasyTcpClient1.4.vcxproj", "{98E594E3-58AB-4D73-B68A-CDA471023C35}"
EndProject
Project("{8BC9CEB8-8B4A-11D0-8D11-00A0C91BC942}") = "EasyTcpServer1.4", "EasyTcpServer1.4\EasyTcpServer1.4.vcxproj", "{F5570027-0271-464A-881E-7B2A591C5B24}"
EndProject
Global
	GlobalSection(SolutionConfigurationPlatforms) = preSolution
		Debug|x64 = Debug|x64
		Debug|x86 = Debug|x86
		Release|x64 = Release|x64
		Release|x86 = Release|x86
	EndGlobalSection
	GlobalSection(ProjectConfigurationPlatforms) = postSolution
		{4A5284C8-A29E-4033-8F7D-19FDB99DFC0D}.Debug|x64.ActiveCfg = Debug|x64
		{4A5284C8-A29E-4033-8F7D-19FDB99DFC0D}.Debug|x64.Build.0 = Debug|x64
		{4A5284C8-A29E-4033-8F7D-19FDB99DFC0D}.Debug|x86.ActiveCfg = Debug|Win32
		{4A5284C8-A29E-4033-8F7D-19FDB99DFC0D}.Debug|x86.Build.0 = Debug|Win32
		{4A5284C8-A29E-4033-8F7D-19FDB99DFC0D}.Release|x64.ActiveCfg = Release|x64
		{4A5284C8-A29E-4033-8F7D-19FDB99DFC0D}.Release|x64.Build.0 = Release|x64
		{4A5284C8-A29E-4033-8F7D-19FDB99DFC0D}.Release|x86.ActiveCfg = Release|Win32
		{4A5284C8-A29E-4033-8F7D-19FDB99DFC0D}.Release|x86.Build.0 = Release|Win32
		{2CA26FCF-180F-484E-9459-1E1ACFE36659}.Debug|x64.ActiveCfg = Debug|x64
		{2CA26FCF-180F-484E-9459-1E1ACFE36659}.Debug|x64.Build.0 = Debug|x64
		{2CA26FCF-180F-484E-9459-1E1ACFE36659}.Debug|x86.ActiveCfg = Debug|Win32
		{2CA26FCF-180F-484E-9459-1E1ACFE36659}.Debug|x86.Build.0 = Debug|Win32
		{2CA26FCF-180F-484E-9459-1E1ACFE36659}.Release|x64.ActiveCfg = Release|x64
		{2CA26FCF-180F-484E-9459-1E1ACFE36659}.Release|x64.Build.0 = Release|x64
		{2CA26FCF-180F-484E-9459-1E1ACFE36659}.Release|x86.ActiveCfg = Release|Win32
		{2CA26FCF-180F-484E-9459-1E1ACFE36659}.Release|x86.Build.0 = Release|Win32
		{7128C97B-5F5B-4CA1-A1AC-A7AAF23682CE}.Debug|x64.ActiveCfg = Debug|x64
		{7128C97B-5F5B-4CA1-A1AC-A7AAF23682CE}.Debug|x64.Build.0 = Debug|x64
		{7128C97B-5F5B-4CA1-A1AC-A7AAF23682CE}.Debug|x86.ActiveCfg = Debug|Win32
		{7128C97B-5F5B-4CA1-A1AC-A7AAF23682CE}.Debug|x86.Build.0 = Debug|Win32
		{7128C97B-5F5B-4CA1-A1AC-A7AAF23682CE}.Release|x64.ActiveCfg = Release|x64
		{7128C97B-5F5B-4CA1-A1AC-A7AAF23682CE}.Release|x64.Build.0 = Release|x64
		{7128C97B-5F5B-4CA1-A1AC-A7AAF23682CE}.Release|x86.ActiveCfg = Release|Win32
		{7128C97B-5F5B-4CA1-A1AC-A7AAF23682CE}.Release|x86.Build.0 = Release|Win32
		{A4465757-E22C-419C-8334-2617A0ECAD26}.Debug|x64.ActiveCfg = Debug|x64
		{A4465757-E22C-419C-8334-2617A0ECAD26}.Debug|x64.Build.0 = Debug|x64
		{A4465757-E22C-419C-8334-2617A0ECAD26}.Debug|x86.ActiveCfg = Debug|Win32
		{A4465757-E22C-419C-8334-2617A0ECAD26}.Debug|x86.Build.0 = Debug|Win32
		{A4465757-E22C-419C-8334-2617A0ECAD26}.Release|x64.ActiveCfg = Release|x64
		{A4465757-E22C-419C-8334-2617A0ECAD26}.Release|x64.Build.0 = Release|x64
		{A4465757-E22C-419C-8334-2617A0ECAD26}.Release|x86.ActiveCfg = Release|Win32
		{A4465757-E22C-419C-8334-2617A0ECAD26}.Release|x86.Build.0 = Release|Win32
		{70EAB34F-ACAD-42A7-8BF5-E111BB38B839}.Debug|x64.ActiveCfg = Debug|x64
		{70EAB34F-ACAD-42A7-8BF5-E111BB38B839}.Debug|x64.Build.0 = Debug|x64
		{70EAB34F-ACAD-42A7-8BF5-E111BB38B839}.Debug|x86.ActiveCfg = Debug|Win32
		{70EAB34F-ACAD-42A7-8BF5-E111BB38B839}.Debug|x86.Build.0 = Debug|Win32
		{70EAB34F-ACAD-42A7-8BF5-E111BB38B839}.Release|x64.ActiveCfg = Release|x64
		{70EAB34F-ACAD-42A7-8BF5-E111BB38B839}.Release|x64.Build.0 = Release|x64
		{70EAB34F-ACAD-42A7-8BF5-E111BB38B839}.Release|x86.ActiveCfg = Release|Win32
		{70EAB34F-ACAD-42A7-8BF5-E111BB38B839}.Release|x86.Build.0 = Release|Win32
		{62CB499E-CC3A-47C8-BC84-8359C46671FB}.Debug|x64.ActiveCfg = Debug|x64
		{62CB499E-CC3A-47C8-BC84-8359C46671FB}.Debug|x64.Build.0 = Debug|x64
		{62CB499E-CC3A-47C8-BC84-8359C46671FB}.Debug|x86.ActiveCfg = Debug|Win32
		{62CB499E-CC3A-47C8-BC84-8359C46671FB}.Debug|x86.Build.0 = Debug|Win32
		{62CB499E-CC3A-47C8-BC84-8359C46671FB}.Release|x64.ActiveCfg = Release|x64
		{62CB499E-CC3A-47C8-BC84-8359C46671FB}.Release|x64.Build.0 = Release|x64
		{62CB499E-CC3A-47C8-BC84-8359C46671FB}.Release|x86.ActiveCfg = Release|Win32
		{62CB499E-CC3A-47C8-BC84-8359C46671FB}.Release|x86.Build.0 = Release|Win32
		{6198D059-7BE3-4CD9-BD3D-8782AB6C96BE}.Debug|x64.ActiveCfg = Debug|x64
		{6198D059-7BE3-4CD9-BD3D-8782AB6C96BE}.Debug|x64.Build.0 = Debug|x64
		{6198D059-7BE3-4CD9-BD3D-8782AB6C96BE}.Debug|x86.ActiveCfg = Debug|Win32
		{6198D059-7BE3-4CD9-BD3D-8782AB6C96BE}.Debug|x86.Build.0 = Debug|Win32
		{6198D059-7BE3-4CD9-BD3D-8782AB6C96BE}.Release|x64.ActiveCfg = Release|x64
		{6198D059-7BE3-4CD9-BD3D-8782AB6C96BE}.Release|x64.Build.0 = Release|x64
		{6198D059-7BE3-4CD9-BD3D-8782AB6C96BE}.Release|x86.ActiveCfg = Release|Win32
		{6198D059-7BE3-4CD9-BD3D-8782AB6C96BE}.Release|x86.Build.0 = Release|Win32
		{98E594E3-58AB-4D73-B68A-CDA471023C35}.Debug|x64.ActiveCfg = Debug|x64
		{98E594E3-58AB-4D73-B68A-CDA471023C35}.Debug|x64.Build.0 = Debug|x64
		{98E594E3-58AB-4D73-B68A-CDA471023C35}.Debug|x86.ActiveCfg = Debug|Win32
		{98E594E3-58AB-4D73-B68A-CDA471023C35}.Debug|x86.Build.0 = Debug|Win32
		{98E594E3-58AB-4D73-B68A-CDA471023C35}.Release|x64.ActiveCfg = Release|x64
		{98E594E3-58AB-4D73-B68A-CDA471023C35}.Release|x64.Build.0 = Release|x64
		{98E594E3-58AB-4D73-B68A-CDA471023C35}.Release|x86.ActiveCfg = Release|Win32
		{98E594E3-58AB-4D73-B68A-CDA471023C35}.Release|x86.Build.0 = Release|Win32
		{F5570027-0271-464A-881E-7B2A591C5B24}.Debug|x64.ActiveCfg = Debug|x64
		{F5570027-0271-464A-881E-7B2A591C5B24}.Debug|x64.Build.0 = Debug|x64
		{F5570027-0271-464A-881E-7B2A591C5B24}.Debug|x86.ActiveCfg = Debug|Win32
		{F5570027-0271-464A-881E-7B2A591C5B24}.Debug|x86.Build.0 = Debug|Win32
		{F5570027-0271-464A-881E-7B2A591C5B24}.Release|x64.ActiveCfg = Release|x64
		{F5570027-0271-464A-881E-7B2A591C5B24}.Release|x64.Build.0 = Release|x64
		{F5570027-0271-464A-881E-7B2A591C5B24}.Release|x86.ActiveCfg = Release|Win32
		{F5570027-0271-464A-881E-7B2A591C5B24}.Release|x86.Build.0 = Release|Win32
	EndGlobalSection
	GlobalSection(SolutionProperties) = preSolution
		HideSolutionNode = FALSE
	EndGlobalSection
	GlobalSection(ExtensibilityGlobals) = postSolution
		SolutionGuid = {899B9F6C-E292-4E4B-A74D-1A2E3B45D31E}
	EndGlobalSection
EndGlobal
